// !$*UTF8*$!
{
	archiveVersion = 1;
	classes = {
	};
	objectVersion = 48;
	objects = {

/* Begin PBXBuildFile section */
		43D86FFCE824F8305ECBCA9B /* Pods_Flickr_Gallery.framework in Frameworks */ = {isa = PBXBuildFile; fileRef = 40DCEF5EAEEAB96F073F4CF3 /* Pods_Flickr_Gallery.framework */; };
		715E212742FF33FE1D5D21BF /* Pods_Flickr_GalleryTests.framework in Frameworks */ = {isa = PBXBuildFile; fileRef = DD6DB8EA07D58503BD7A1BA4 /* Pods_Flickr_GalleryTests.framework */; };
		7181C14F1F3C7413002FA8F4 /* AppDelegate.swift in Sources */ = {isa = PBXBuildFile; fileRef = 7181C14E1F3C7413002FA8F4 /* AppDelegate.swift */; };
		7181C1561F3C7413002FA8F4 /* Assets.xcassets in Resources */ = {isa = PBXBuildFile; fileRef = 7181C1551F3C7413002FA8F4 /* Assets.xcassets */; };
		7181C1591F3C7413002FA8F4 /* LaunchScreen.storyboard in Resources */ = {isa = PBXBuildFile; fileRef = 7181C1571F3C7413002FA8F4 /* LaunchScreen.storyboard */; };
		7181C1641F3C7413002FA8F4 /* FlickrPostCollectionVCTests.swift in Sources */ = {isa = PBXBuildFile; fileRef = 7181C1631F3C7413002FA8F4 /* FlickrPostCollectionVCTests.swift */; };
		7181C1701F3C785F002FA8F4 /* Main.storyboard in Resources */ = {isa = PBXBuildFile; fileRef = 7181C16F1F3C785F002FA8F4 /* Main.storyboard */; };
		7181C1761F3C7B26002FA8F4 /* FlickrPostCollectionViewController.swift in Sources */ = {isa = PBXBuildFile; fileRef = 7181C1751F3C7B26002FA8F4 /* FlickrPostCollectionViewController.swift */; };
		7181C17A1F3C8255002FA8F4 /* FlickerPostCollectionViewCell.swift in Sources */ = {isa = PBXBuildFile; fileRef = 7181C1791F3C8255002FA8F4 /* FlickerPostCollectionViewCell.swift */; };
		71E164041F40446F00DA28F0 /* FlickrHelper.swift in Sources */ = {isa = PBXBuildFile; fileRef = 71E164031F40446F00DA28F0 /* FlickrHelper.swift */; };
		71E164061F40486C00DA28F0 /* FlickrHelperTests.swift in Sources */ = {isa = PBXBuildFile; fileRef = 71E164051F40486C00DA28F0 /* FlickrHelperTests.swift */; };
		71E59D7A1F3CC5B800DCC968 /* FlickrWebsiteDescription.swift in Sources */ = {isa = PBXBuildFile; fileRef = 71E59D791F3CC5B800DCC968 /* FlickrWebsiteDescription.swift */; };
		71E59D7C1F3CC70400DCC968 /* FlickrPost.swift in Sources */ = {isa = PBXBuildFile; fileRef = 71E59D7B1F3CC70400DCC968 /* FlickrPost.swift */; };
		71EA35981F3F2277006EC493 /* DateExtension.swift in Sources */ = {isa = PBXBuildFile; fileRef = 71EA35971F3F2277006EC493 /* DateExtension.swift */; };
		71EA359D1F3F5B62006EC493 /* MailHelperViewController.swift in Sources */ = {isa = PBXBuildFile; fileRef = 71EA359C1F3F5B62006EC493 /* MailHelperViewController.swift */; };
		71EA35A21F3F96BA006EC493 /* UIViewControllerExtension.swift in Sources */ = {isa = PBXBuildFile; fileRef = 71EA35A11F3F96BA006EC493 /* UIViewControllerExtension.swift */; };
/* End PBXBuildFile section */

/* Begin PBXContainerItemProxy section */
		7181C1601F3C7413002FA8F4 /* PBXContainerItemProxy */ = {
			isa = PBXContainerItemProxy;
			containerPortal = 7181C1431F3C7413002FA8F4 /* Project object */;
			proxyType = 1;
			remoteGlobalIDString = 7181C14A1F3C7413002FA8F4;
			remoteInfo = "Flickr Gallery";
		};
/* End PBXContainerItemProxy section */

/* Begin PBXFileReference section */
		1B82953B28F82B2ABE9CC39E /* Pods-Flickr Gallery.release.xcconfig */ = {isa = PBXFileReference; includeInIndex = 1; lastKnownFileType = text.xcconfig; name = "Pods-Flickr Gallery.release.xcconfig"; path = "Pods/Target Support Files/Pods-Flickr Gallery/Pods-Flickr Gallery.release.xcconfig"; sourceTree = "<group>"; };
		40DCEF5EAEEAB96F073F4CF3 /* Pods_Flickr_Gallery.framework */ = {isa = PBXFileReference; explicitFileType = wrapper.framework; includeInIndex = 0; path = Pods_Flickr_Gallery.framework; sourceTree = BUILT_PRODUCTS_DIR; };
		469EC852A9BBF17294E19091 /* Pods-Flickr Gallery.debug.xcconfig */ = {isa = PBXFileReference; includeInIndex = 1; lastKnownFileType = text.xcconfig; name = "Pods-Flickr Gallery.debug.xcconfig"; path = "Pods/Target Support Files/Pods-Flickr Gallery/Pods-Flickr Gallery.debug.xcconfig"; sourceTree = "<group>"; };
		4D22F43E795F5340B4AE0642 /* Pods-Flickr GalleryTests.debug.xcconfig */ = {isa = PBXFileReference; includeInIndex = 1; lastKnownFileType = text.xcconfig; name = "Pods-Flickr GalleryTests.debug.xcconfig"; path = "Pods/Target Support Files/Pods-Flickr GalleryTests/Pods-Flickr GalleryTests.debug.xcconfig"; sourceTree = "<group>"; };
		7181C14B1F3C7413002FA8F4 /* Flickr Gallery.app */ = {isa = PBXFileReference; explicitFileType = wrapper.application; includeInIndex = 0; path = "Flickr Gallery.app"; sourceTree = BUILT_PRODUCTS_DIR; };
		7181C14E1F3C7413002FA8F4 /* AppDelegate.swift */ = {isa = PBXFileReference; lastKnownFileType = sourcecode.swift; path = AppDelegate.swift; sourceTree = "<group>"; };
		7181C1551F3C7413002FA8F4 /* Assets.xcassets */ = {isa = PBXFileReference; lastKnownFileType = folder.assetcatalog; path = Assets.xcassets; sourceTree = "<group>"; };
		7181C1581F3C7413002FA8F4 /* Base */ = {isa = PBXFileReference; lastKnownFileType = file.storyboard; name = Base; path = Base.lproj/LaunchScreen.storyboard; sourceTree = "<group>"; };
		7181C15A1F3C7413002FA8F4 /* Info.plist */ = {isa = PBXFileReference; lastKnownFileType = text.plist.xml; path = Info.plist; sourceTree = "<group>"; };
		7181C15F1F3C7413002FA8F4 /* Flickr GalleryTests.xctest */ = {isa = PBXFileReference; explicitFileType = wrapper.cfbundle; includeInIndex = 0; path = "Flickr GalleryTests.xctest"; sourceTree = BUILT_PRODUCTS_DIR; };
		7181C1631F3C7413002FA8F4 /* FlickrPostCollectionVCTests.swift */ = {isa = PBXFileReference; lastKnownFileType = sourcecode.swift; path = FlickrPostCollectionVCTests.swift; sourceTree = "<group>"; };
		7181C1651F3C7413002FA8F4 /* Info.plist */ = {isa = PBXFileReference; lastKnownFileType = text.plist.xml; path = Info.plist; sourceTree = "<group>"; };
		7181C16F1F3C785F002FA8F4 /* Main.storyboard */ = {isa = PBXFileReference; lastKnownFileType = file.storyboard; path = Main.storyboard; sourceTree = "<group>"; };
		7181C1751F3C7B26002FA8F4 /* FlickrPostCollectionViewController.swift */ = {isa = PBXFileReference; lastKnownFileType = sourcecode.swift; path = FlickrPostCollectionViewController.swift; sourceTree = "<group>"; };
		7181C1791F3C8255002FA8F4 /* FlickerPostCollectionViewCell.swift */ = {isa = PBXFileReference; lastKnownFileType = sourcecode.swift; path = FlickerPostCollectionViewCell.swift; sourceTree = "<group>"; };
		71E164031F40446F00DA28F0 /* FlickrHelper.swift */ = {isa = PBXFileReference; lastKnownFileType = sourcecode.swift; path = FlickrHelper.swift; sourceTree = "<group>"; };
		71E164051F40486C00DA28F0 /* FlickrHelperTests.swift */ = {isa = PBXFileReference; lastKnownFileType = sourcecode.swift; path = FlickrHelperTests.swift; sourceTree = "<group>"; };
		71E59D791F3CC5B800DCC968 /* FlickrWebsiteDescription.swift */ = {isa = PBXFileReference; lastKnownFileType = sourcecode.swift; path = FlickrWebsiteDescription.swift; sourceTree = "<group>"; };
		71E59D7B1F3CC70400DCC968 /* FlickrPost.swift */ = {isa = PBXFileReference; lastKnownFileType = sourcecode.swift; path = FlickrPost.swift; sourceTree = "<group>"; };
		71EA35971F3F2277006EC493 /* DateExtension.swift */ = {isa = PBXFileReference; lastKnownFileType = sourcecode.swift; path = DateExtension.swift; sourceTree = "<group>"; };
		71EA359C1F3F5B62006EC493 /* MailHelperViewController.swift */ = {isa = PBXFileReference; lastKnownFileType = sourcecode.swift; path = MailHelperViewController.swift; sourceTree = "<group>"; };
		71EA35A11F3F96BA006EC493 /* UIViewControllerExtension.swift */ = {isa = PBXFileReference; lastKnownFileType = sourcecode.swift; path = UIViewControllerExtension.swift; sourceTree = "<group>"; };
		A18F170440418E09AE2B71AE /* Pods-Flickr GalleryTests.release.xcconfig */ = {isa = PBXFileReference; includeInIndex = 1; lastKnownFileType = text.xcconfig; name = "Pods-Flickr GalleryTests.release.xcconfig"; path = "Pods/Target Support Files/Pods-Flickr GalleryTests/Pods-Flickr GalleryTests.release.xcconfig"; sourceTree = "<group>"; };
		DD6DB8EA07D58503BD7A1BA4 /* Pods_Flickr_GalleryTests.framework */ = {isa = PBXFileReference; explicitFileType = wrapper.framework; includeInIndex = 0; path = Pods_Flickr_GalleryTests.framework; sourceTree = BUILT_PRODUCTS_DIR; };
/* End PBXFileReference section */

/* Begin PBXFrameworksBuildPhase section */
		7181C1481F3C7413002FA8F4 /* Frameworks */ = {
			isa = PBXFrameworksBuildPhase;
			buildActionMask = 2147483647;
			files = (
				43D86FFCE824F8305ECBCA9B /* Pods_Flickr_Gallery.framework in Frameworks */,
			);
			runOnlyForDeploymentPostprocessing = 0;
		};
		7181C15C1F3C7413002FA8F4 /* Frameworks */ = {
			isa = PBXFrameworksBuildPhase;
			buildActionMask = 2147483647;
			files = (
				715E212742FF33FE1D5D21BF /* Pods_Flickr_GalleryTests.framework in Frameworks */,
			);
			runOnlyForDeploymentPostprocessing = 0;
		};
/* End PBXFrameworksBuildPhase section */

/* Begin PBXGroup section */
		7181C1421F3C7413002FA8F4 = {
			isa = PBXGroup;
			children = (
				7181C14D1F3C7413002FA8F4 /* Flickr Gallery */,
				7181C1621F3C7413002FA8F4 /* Flickr GalleryTests */,
				7181C14C1F3C7413002FA8F4 /* Products */,
				BA94406B5A6CA9DE6765F6AC /* Pods */,
				FA3ED6EF42BC6227F18D7B22 /* Frameworks */,
			);
			sourceTree = "<group>";
		};
		7181C14C1F3C7413002FA8F4 /* Products */ = {
			isa = PBXGroup;
			children = (
				7181C14B1F3C7413002FA8F4 /* Flickr Gallery.app */,
				7181C15F1F3C7413002FA8F4 /* Flickr GalleryTests.xctest */,
			);
			name = Products;
			sourceTree = "<group>";
		};
		7181C14D1F3C7413002FA8F4 /* Flickr Gallery */ = {
			isa = PBXGroup;
			children = (
				7181C1711F3C7A2B002FA8F4 /* Public Image Feed */,
				7181C1551F3C7413002FA8F4 /* Assets.xcassets */,
				7181C16E1F3C7469002FA8F4 /* Supporting Files */,
			);
			path = "Flickr Gallery";
			sourceTree = "<group>";
		};
		7181C1621F3C7413002FA8F4 /* Flickr GalleryTests */ = {
			isa = PBXGroup;
			children = (
				7181C1631F3C7413002FA8F4 /* FlickrPostCollectionVCTests.swift */,
				71E164051F40486C00DA28F0 /* FlickrHelperTests.swift */,
				7181C1651F3C7413002FA8F4 /* Info.plist */,
			);
			path = "Flickr GalleryTests";
			sourceTree = "<group>";
		};
		7181C16E1F3C7469002FA8F4 /* Supporting Files */ = {
			isa = PBXGroup;
			children = (
				7181C14E1F3C7413002FA8F4 /* AppDelegate.swift */,
				7181C1571F3C7413002FA8F4 /* LaunchScreen.storyboard */,
				7181C15A1F3C7413002FA8F4 /* Info.plist */,
			);
			path = "Supporting Files";
			sourceTree = "<group>";
		};
		7181C1711F3C7A2B002FA8F4 /* Public Image Feed */ = {
			isa = PBXGroup;
			children = (
				71EA359E1F3F5DA0006EC493 /* Helpers */,
				71EA35961F3F222E006EC493 /* Type Extensions */,
				71E59D781F3CC56200DCC968 /* Models */,
				7181C1741F3C7A95002FA8F4 /* Views */,
			);
			path = "Public Image Feed";
			sourceTree = "<group>";
		};
		7181C1741F3C7A95002FA8F4 /* Views */ = {
			isa = PBXGroup;
			children = (
				7181C1751F3C7B26002FA8F4 /* FlickrPostCollectionViewController.swift */,
				7181C16F1F3C785F002FA8F4 /* Main.storyboard */,
				7181C1791F3C8255002FA8F4 /* FlickerPostCollectionViewCell.swift */,
			);
			path = Views;
			sourceTree = "<group>";
		};
		71E59D781F3CC56200DCC968 /* Models */ = {
			isa = PBXGroup;
			children = (
				71E59D791F3CC5B800DCC968 /* FlickrWebsiteDescription.swift */,
				71E59D7B1F3CC70400DCC968 /* FlickrPost.swift */,
			);
			path = Models;
			sourceTree = "<group>";
		};
		71EA35961F3F222E006EC493 /* Type Extensions */ = {
			isa = PBXGroup;
			children = (
				71EA35971F3F2277006EC493 /* DateExtension.swift */,
				71EA35A11F3F96BA006EC493 /* UIViewControllerExtension.swift */,
			);
			path = "Type Extensions";
			sourceTree = "<group>";
		};
		71EA359E1F3F5DA0006EC493 /* Helpers */ = {
			isa = PBXGroup;
			children = (
				71EA359C1F3F5B62006EC493 /* MailHelperViewController.swift */,
				71E164031F40446F00DA28F0 /* FlickrHelper.swift */,
			);
			name = Helpers;
			path = "New Group";
			sourceTree = "<group>";
		};
		BA94406B5A6CA9DE6765F6AC /* Pods */ = {
			isa = PBXGroup;
			children = (
				469EC852A9BBF17294E19091 /* Pods-Flickr Gallery.debug.xcconfig */,
				1B82953B28F82B2ABE9CC39E /* Pods-Flickr Gallery.release.xcconfig */,
				4D22F43E795F5340B4AE0642 /* Pods-Flickr GalleryTests.debug.xcconfig */,
				A18F170440418E09AE2B71AE /* Pods-Flickr GalleryTests.release.xcconfig */,
			);
			name = Pods;
			sourceTree = "<group>";
		};
		FA3ED6EF42BC6227F18D7B22 /* Frameworks */ = {
			isa = PBXGroup;
			children = (
				40DCEF5EAEEAB96F073F4CF3 /* Pods_Flickr_Gallery.framework */,
				DD6DB8EA07D58503BD7A1BA4 /* Pods_Flickr_GalleryTests.framework */,
			);
			name = Frameworks;
			sourceTree = "<group>";
		};
/* End PBXGroup section */

/* Begin PBXNativeTarget section */
		7181C14A1F3C7413002FA8F4 /* Flickr Gallery */ = {
			isa = PBXNativeTarget;
			buildConfigurationList = 7181C1681F3C7413002FA8F4 /* Build configuration list for PBXNativeTarget "Flickr Gallery" */;
			buildPhases = (
				42AC53D5C7CF6FC7024EADF6 /* [CP] Check Pods Manifest.lock */,
				7181C1471F3C7413002FA8F4 /* Sources */,
				7181C1481F3C7413002FA8F4 /* Frameworks */,
				7181C1491F3C7413002FA8F4 /* Resources */,
				8BE430433E685127616A06AC /* [CP] Embed Pods Frameworks */,
				828A3F98157F5ED75D3AC835 /* [CP] Copy Pods Resources */,
			);
			buildRules = (
			);
			dependencies = (
			);
			name = "Flickr Gallery";
			productName = "Flickr Gallery";
			productReference = 7181C14B1F3C7413002FA8F4 /* Flickr Gallery.app */;
			productType = "com.apple.product-type.application";
		};
		7181C15E1F3C7413002FA8F4 /* Flickr GalleryTests */ = {
			isa = PBXNativeTarget;
			buildConfigurationList = 7181C16B1F3C7413002FA8F4 /* Build configuration list for PBXNativeTarget "Flickr GalleryTests" */;
			buildPhases = (
				8A5C078CD16AFDE97709B872 /* [CP] Check Pods Manifest.lock */,
				7181C15B1F3C7413002FA8F4 /* Sources */,
				7181C15C1F3C7413002FA8F4 /* Frameworks */,
				7181C15D1F3C7413002FA8F4 /* Resources */,
				05D5D0B426DD876BC557E548 /* [CP] Embed Pods Frameworks */,
				FA1B99D3AC0F7245E77484EA /* [CP] Copy Pods Resources */,
			);
			buildRules = (
			);
			dependencies = (
				7181C1611F3C7413002FA8F4 /* PBXTargetDependency */,
			);
			name = "Flickr GalleryTests";
			productName = "Flickr GalleryTests";
			productReference = 7181C15F1F3C7413002FA8F4 /* Flickr GalleryTests.xctest */;
			productType = "com.apple.product-type.bundle.unit-test";
		};
/* End PBXNativeTarget section */

/* Begin PBXProject section */
		7181C1431F3C7413002FA8F4 /* Project object */ = {
			isa = PBXProject;
			attributes = {
				LastSwiftUpdateCheck = 0900;
				LastUpgradeCheck = 0900;
				ORGANIZATIONNAME = "Sebastian Waloszek";
				TargetAttributes = {
					7181C14A1F3C7413002FA8F4 = {
						CreatedOnToolsVersion = 9.0;
					};
					7181C15E1F3C7413002FA8F4 = {
						CreatedOnToolsVersion = 9.0;
						TestTargetID = 7181C14A1F3C7413002FA8F4;
					};
				};
			};
			buildConfigurationList = 7181C1461F3C7413002FA8F4 /* Build configuration list for PBXProject "Flickr Gallery" */;
			compatibilityVersion = "Xcode 8.0";
			developmentRegion = en;
			hasScannedForEncodings = 0;
			knownRegions = (
				en,
				Base,
			);
			mainGroup = 7181C1421F3C7413002FA8F4;
			productRefGroup = 7181C14C1F3C7413002FA8F4 /* Products */;
			projectDirPath = "";
			projectRoot = "";
			targets = (
				7181C14A1F3C7413002FA8F4 /* Flickr Gallery */,
				7181C15E1F3C7413002FA8F4 /* Flickr GalleryTests */,
			);
		};
/* End PBXProject section */

/* Begin PBXResourcesBuildPhase section */
		7181C1491F3C7413002FA8F4 /* Resources */ = {
			isa = PBXResourcesBuildPhase;
			buildActionMask = 2147483647;
			files = (
				7181C1701F3C785F002FA8F4 /* Main.storyboard in Resources */,
				7181C1591F3C7413002FA8F4 /* LaunchScreen.storyboard in Resources */,
				7181C1561F3C7413002FA8F4 /* Assets.xcassets in Resources */,
			);
			runOnlyForDeploymentPostprocessing = 0;
		};
		7181C15D1F3C7413002FA8F4 /* Resources */ = {
			isa = PBXResourcesBuildPhase;
			buildActionMask = 2147483647;
			files = (
			);
			runOnlyForDeploymentPostprocessing = 0;
		};
/* End PBXResourcesBuildPhase section */

/* Begin PBXShellScriptBuildPhase section */
		05D5D0B426DD876BC557E548 /* [CP] Embed Pods Frameworks */ = {
			isa = PBXShellScriptBuildPhase;
			buildActionMask = 2147483647;
			files = (
			);
			inputPaths = (
			);
			name = "[CP] Embed Pods Frameworks";
			outputPaths = (
			);
			runOnlyForDeploymentPostprocessing = 0;
			shellPath = /bin/sh;
			shellScript = "\"${SRCROOT}/Pods/Target Support Files/Pods-Flickr GalleryTests/Pods-Flickr GalleryTests-frameworks.sh\"\n";
			showEnvVarsInLog = 0;
		};
		42AC53D5C7CF6FC7024EADF6 /* [CP] Check Pods Manifest.lock */ = {
			isa = PBXShellScriptBuildPhase;
			buildActionMask = 2147483647;
			files = (
			);
			inputPaths = (
				"${PODS_PODFILE_DIR_PATH}/Podfile.lock",
				"${PODS_ROOT}/Manifest.lock",
			);
			name = "[CP] Check Pods Manifest.lock";
			outputPaths = (
				"$(DERIVED_FILE_DIR)/Pods-Flickr Gallery-checkManifestLockResult.txt",
			);
			runOnlyForDeploymentPostprocessing = 0;
			shellPath = /bin/sh;
			shellScript = "diff \"${PODS_PODFILE_DIR_PATH}/Podfile.lock\" \"${PODS_ROOT}/Manifest.lock\" > /dev/null\nif [ $? != 0 ] ; then\n    # print error to STDERR\n    echo \"error: The sandbox is not in sync with the Podfile.lock. Run 'pod install' or update your CocoaPods installation.\" >&2\n    exit 1\nfi\n# This output is used by Xcode 'outputs' to avoid re-running this script phase.\necho \"SUCCESS\" > \"${SCRIPT_OUTPUT_FILE_0}\"\n";
			showEnvVarsInLog = 0;
		};
		828A3F98157F5ED75D3AC835 /* [CP] Copy Pods Resources */ = {
			isa = PBXShellScriptBuildPhase;
			buildActionMask = 2147483647;
			files = (
			);
			inputPaths = (
			);
			name = "[CP] Copy Pods Resources";
			outputPaths = (
			);
			runOnlyForDeploymentPostprocessing = 0;
			shellPath = /bin/sh;
			shellScript = "\"${SRCROOT}/Pods/Target Support Files/Pods-Flickr Gallery/Pods-Flickr Gallery-resources.sh\"\n";
			showEnvVarsInLog = 0;
		};
		8A5C078CD16AFDE97709B872 /* [CP] Check Pods Manifest.lock */ = {
			isa = PBXShellScriptBuildPhase;
			buildActionMask = 2147483647;
			files = (
			);
			inputPaths = (
				"${PODS_PODFILE_DIR_PATH}/Podfile.lock",
				"${PODS_ROOT}/Manifest.lock",
			);
			name = "[CP] Check Pods Manifest.lock";
			outputPaths = (
				"$(DERIVED_FILE_DIR)/Pods-Flickr GalleryTests-checkManifestLockResult.txt",
			);
			runOnlyForDeploymentPostprocessing = 0;
			shellPath = /bin/sh;
			shellScript = "diff \"${PODS_PODFILE_DIR_PATH}/Podfile.lock\" \"${PODS_ROOT}/Manifest.lock\" > /dev/null\nif [ $? != 0 ] ; then\n    # print error to STDERR\n    echo \"error: The sandbox is not in sync with the Podfile.lock. Run 'pod install' or update your CocoaPods installation.\" >&2\n    exit 1\nfi\n# This output is used by Xcode 'outputs' to avoid re-running this script phase.\necho \"SUCCESS\" > \"${SCRIPT_OUTPUT_FILE_0}\"\n";
			showEnvVarsInLog = 0;
		};
		8BE430433E685127616A06AC /* [CP] Embed Pods Frameworks */ = {
			isa = PBXShellScriptBuildPhase;
			buildActionMask = 2147483647;
			files = (
			);
			inputPaths = (
				"${SRCROOT}/Pods/Target Support Files/Pods-Flickr Gallery/Pods-Flickr Gallery-frameworks.sh",
				"${BUILT_PRODUCTS_DIR}/SDWebImage/SDWebImage.framework",
			);
			name = "[CP] Embed Pods Frameworks";
			outputPaths = (
				"${TARGET_BUILD_DIR}/${FRAMEWORKS_FOLDER_PATH}/SDWebImage.framework",
			);
			runOnlyForDeploymentPostprocessing = 0;
			shellPath = /bin/sh;
			shellScript = "\"${SRCROOT}/Pods/Target Support Files/Pods-Flickr Gallery/Pods-Flickr Gallery-frameworks.sh\"\n";
			showEnvVarsInLog = 0;
		};
		FA1B99D3AC0F7245E77484EA /* [CP] Copy Pods Resources */ = {
			isa = PBXShellScriptBuildPhase;
			buildActionMask = 2147483647;
			files = (
			);
			inputPaths = (
			);
			name = "[CP] Copy Pods Resources";
			outputPaths = (
			);
			runOnlyForDeploymentPostprocessing = 0;
			shellPath = /bin/sh;
			shellScript = "\"${SRCROOT}/Pods/Target Support Files/Pods-Flickr GalleryTests/Pods-Flickr GalleryTests-resources.sh\"\n";
			showEnvVarsInLog = 0;
		};
/* End PBXShellScriptBuildPhase section */

/* Begin PBXSourcesBuildPhase section */
		7181C1471F3C7413002FA8F4 /* Sources */ = {
			isa = PBXSourcesBuildPhase;
			buildActionMask = 2147483647;
			files = (
				71E59D7A1F3CC5B800DCC968 /* FlickrWebsiteDescription.swift in Sources */,
				71EA359D1F3F5B62006EC493 /* MailHelperViewController.swift in Sources */,
				71EA35981F3F2277006EC493 /* DateExtension.swift in Sources */,
				71E164041F40446F00DA28F0 /* FlickrHelper.swift in Sources */,
				7181C14F1F3C7413002FA8F4 /* AppDelegate.swift in Sources */,
				71EA35A21F3F96BA006EC493 /* UIViewControllerExtension.swift in Sources */,
				71E59D7C1F3CC70400DCC968 /* FlickrPost.swift in Sources */,
				7181C1761F3C7B26002FA8F4 /* FlickrPostCollectionViewController.swift in Sources */,
				7181C17A1F3C8255002FA8F4 /* FlickerPostCollectionViewCell.swift in Sources */,
			);
			runOnlyForDeploymentPostprocessing = 0;
		};
		7181C15B1F3C7413002FA8F4 /* Sources */ = {
			isa = PBXSourcesBuildPhase;
			buildActionMask = 2147483647;
			files = (
				71E164061F40486C00DA28F0 /* FlickrHelperTests.swift in Sources */,
				7181C1641F3C7413002FA8F4 /* FlickrPostCollectionVCTests.swift in Sources */,
			);
			runOnlyForDeploymentPostprocessing = 0;
		};
/* End PBXSourcesBuildPhase section */

/* Begin PBXTargetDependency section */
		7181C1611F3C7413002FA8F4 /* PBXTargetDependency */ = {
			isa = PBXTargetDependency;
			target = 7181C14A1F3C7413002FA8F4 /* Flickr Gallery */;
			targetProxy = 7181C1601F3C7413002FA8F4 /* PBXContainerItemProxy */;
		};
/* End PBXTargetDependency section */

/* Begin PBXVariantGroup section */
		7181C1571F3C7413002FA8F4 /* LaunchScreen.storyboard */ = {
			isa = PBXVariantGroup;
			children = (
				7181C1581F3C7413002FA8F4 /* Base */,
			);
			name = LaunchScreen.storyboard;
			sourceTree = "<group>";
		};
/* End PBXVariantGroup section */

/* Begin XCBuildConfiguration section */
		7181C1661F3C7413002FA8F4 /* Debug */ = {
			isa = XCBuildConfiguration;
			buildSettings = {
				ALWAYS_SEARCH_USER_PATHS = NO;
				CLANG_ANALYZER_NONNULL = YES;
				CLANG_ANALYZER_NUMBER_OBJECT_CONVERSION = YES_AGGRESSIVE;
				CLANG_CXX_LANGUAGE_STANDARD = "gnu++14";
				CLANG_CXX_LIBRARY = "libc++";
				CLANG_ENABLE_MODULES = YES;
				CLANG_ENABLE_OBJC_ARC = YES;
				CLANG_WARN_BLOCK_CAPTURE_AUTORELEASING = YES;
				CLANG_WARN_BOOL_CONVERSION = YES;
				CLANG_WARN_COMMA = YES;
				CLANG_WARN_CONSTANT_CONVERSION = YES;
				CLANG_WARN_DIRECT_OBJC_ISA_USAGE = YES_ERROR;
				CLANG_WARN_DOCUMENTATION_COMMENTS = YES;
				CLANG_WARN_EMPTY_BODY = YES;
				CLANG_WARN_ENUM_CONVERSION = YES;
				CLANG_WARN_INFINITE_RECURSION = YES;
				CLANG_WARN_INT_CONVERSION = YES;
				CLANG_WARN_NON_LITERAL_NULL_CONVERSION = YES;
				CLANG_WARN_OBJC_LITERAL_CONVERSION = YES;
				CLANG_WARN_OBJC_ROOT_CLASS = YES_ERROR;
				CLANG_WARN_RANGE_LOOP_ANALYSIS = YES;
				CLANG_WARN_STRICT_PROTOTYPES = YES;
				CLANG_WARN_SUSPICIOUS_MOVE = YES;
				CLANG_WARN_UNGUARDED_AVAILABILITY = YES_AGGRESSIVE;
				CLANG_WARN_UNREACHABLE_CODE = YES;
				CLANG_WARN__DUPLICATE_METHOD_MATCH = YES;
				CODE_SIGN_IDENTITY = "iPhone Developer";
				COPY_PHASE_STRIP = NO;
				DEBUG_INFORMATION_FORMAT = dwarf;
				ENABLE_STRICT_OBJC_MSGSEND = YES;
				ENABLE_TESTABILITY = YES;
				GCC_C_LANGUAGE_STANDARD = gnu11;
				GCC_DYNAMIC_NO_PIC = NO;
				GCC_NO_COMMON_BLOCKS = YES;
				GCC_OPTIMIZATION_LEVEL = 0;
				GCC_PREPROCESSOR_DEFINITIONS = (
					"DEBUG=1",
					"$(inherited)",
				);
				GCC_WARN_64_TO_32_BIT_CONVERSION = YES;
				GCC_WARN_ABOUT_RETURN_TYPE = YES_ERROR;
				GCC_WARN_UNDECLARED_SELECTOR = YES;
				GCC_WARN_UNINITIALIZED_AUTOS = YES_AGGRESSIVE;
				GCC_WARN_UNUSED_FUNCTION = YES;
				GCC_WARN_UNUSED_VARIABLE = YES;
				IPHONEOS_DEPLOYMENT_TARGET = 11.0;
				MTL_ENABLE_DEBUG_INFO = YES;
				ONLY_ACTIVE_ARCH = YES;
				SDKROOT = iphoneos;
				SWIFT_ACTIVE_COMPILATION_CONDITIONS = DEBUG;
				SWIFT_OPTIMIZATION_LEVEL = "-Onone";
			};
			name = Debug;
		};
		7181C1671F3C7413002FA8F4 /* Release */ = {
			isa = XCBuildConfiguration;
			buildSettings = {
				ALWAYS_SEARCH_USER_PATHS = NO;
				CLANG_ANALYZER_NONNULL = YES;
				CLANG_ANALYZER_NUMBER_OBJECT_CONVERSION = YES_AGGRESSIVE;
				CLANG_CXX_LANGUAGE_STANDARD = "gnu++14";
				CLANG_CXX_LIBRARY = "libc++";
				CLANG_ENABLE_MODULES = YES;
				CLANG_ENABLE_OBJC_ARC = YES;
				CLANG_WARN_BLOCK_CAPTURE_AUTORELEASING = YES;
				CLANG_WARN_BOOL_CONVERSION = YES;
				CLANG_WARN_COMMA = YES;
				CLANG_WARN_CONSTANT_CONVERSION = YES;
				CLANG_WARN_DIRECT_OBJC_ISA_USAGE = YES_ERROR;
				CLANG_WARN_DOCUMENTATION_COMMENTS = YES;
				CLANG_WARN_EMPTY_BODY = YES;
				CLANG_WARN_ENUM_CONVERSION = YES;
				CLANG_WARN_INFINITE_RECURSION = YES;
				CLANG_WARN_INT_CONVERSION = YES;
				CLANG_WARN_NON_LITERAL_NULL_CONVERSION = YES;
				CLANG_WARN_OBJC_LITERAL_CONVERSION = YES;
				CLANG_WARN_OBJC_ROOT_CLASS = YES_ERROR;
				CLANG_WARN_RANGE_LOOP_ANALYSIS = YES;
				CLANG_WARN_STRICT_PROTOTYPES = YES;
				CLANG_WARN_SUSPICIOUS_MOVE = YES;
				CLANG_WARN_UNGUARDED_AVAILABILITY = YES_AGGRESSIVE;
				CLANG_WARN_UNREACHABLE_CODE = YES;
				CLANG_WARN__DUPLICATE_METHOD_MATCH = YES;
				CODE_SIGN_IDENTITY = "iPhone Developer";
				COPY_PHASE_STRIP = NO;
				DEBUG_INFORMATION_FORMAT = "dwarf-with-dsym";
				ENABLE_NS_ASSERTIONS = NO;
				ENABLE_STRICT_OBJC_MSGSEND = YES;
				GCC_C_LANGUAGE_STANDARD = gnu11;
				GCC_NO_COMMON_BLOCKS = YES;
				GCC_WARN_64_TO_32_BIT_CONVERSION = YES;
				GCC_WARN_ABOUT_RETURN_TYPE = YES_ERROR;
				GCC_WARN_UNDECLARED_SELECTOR = YES;
				GCC_WARN_UNINITIALIZED_AUTOS = YES_AGGRESSIVE;
				GCC_WARN_UNUSED_FUNCTION = YES;
				GCC_WARN_UNUSED_VARIABLE = YES;
				IPHONEOS_DEPLOYMENT_TARGET = 11.0;
				MTL_ENABLE_DEBUG_INFO = NO;
				SDKROOT = iphoneos;
				SWIFT_OPTIMIZATION_LEVEL = "-Owholemodule";
				VALIDATE_PRODUCT = YES;
			};
			name = Release;
		};
		7181C1691F3C7413002FA8F4 /* Debug */ = {
			isa = XCBuildConfiguration;
			baseConfigurationReference = 469EC852A9BBF17294E19091 /* Pods-Flickr Gallery.debug.xcconfig */;
			buildSettings = {
				ASSETCATALOG_COMPILER_APPICON_NAME = AppIcon;
				DEVELOPMENT_TEAM = 2396N25GLF;
				INFOPLIST_FILE = "$(SRCROOT)/Flickr Gallery/Supporting Files/Info.plist";
				LD_RUNPATH_SEARCH_PATHS = "$(inherited) @executable_path/Frameworks";
				PRODUCT_BUNDLE_IDENTIFIER = "com.sebastianwaloszek.Flickr-Gallery";
				PRODUCT_NAME = "$(TARGET_NAME)";
				SWIFT_VERSION = 4.0;
				TARGETED_DEVICE_FAMILY = "1,2";
			};
			name = Debug;
		};
		7181C16A1F3C7413002FA8F4 /* Release */ = {
			isa = XCBuildConfiguration;
			baseConfigurationReference = 1B82953B28F82B2ABE9CC39E /* Pods-Flickr Gallery.release.xcconfig */;
			buildSettings = {
				ASSETCATALOG_COMPILER_APPICON_NAME = AppIcon;
				DEVELOPMENT_TEAM = 2396N25GLF;
				INFOPLIST_FILE = "$(SRCROOT)/Flickr Gallery/Supporting Files/Info.plist";
				LD_RUNPATH_SEARCH_PATHS = "$(inherited) @executable_path/Frameworks";
				PRODUCT_BUNDLE_IDENTIFIER = "com.sebastianwaloszek.Flickr-Gallery";
				PRODUCT_NAME = "$(TARGET_NAME)";
				SWIFT_VERSION = 4.0;
				TARGETED_DEVICE_FAMILY = "1,2";
			};
			name = Release;
		};
		7181C16C1F3C7413002FA8F4 /* Debug */ = {
			isa = XCBuildConfiguration;
			baseConfigurationReference = 4D22F43E795F5340B4AE0642 /* Pods-Flickr GalleryTests.debug.xcconfig */;
			buildSettings = {
				ALWAYS_EMBED_SWIFT_STANDARD_LIBRARIES = YES;
				BUNDLE_LOADER = "$(TEST_HOST)";
				DEVELOPMENT_TEAM = 2396N25GLF;
				INFOPLIST_FILE = "Flickr GalleryTests/Info.plist";
				LD_RUNPATH_SEARCH_PATHS = "$(inherited) @executable_path/Frameworks @loader_path/Frameworks";
				PRODUCT_BUNDLE_IDENTIFIER = "com.sebastianwaloszek.Flickr-GalleryTests";
				PRODUCT_NAME = "$(TARGET_NAME)";
				SWIFT_VERSION = 4.0;
				TARGETED_DEVICE_FAMILY = "1,2";
				TEST_HOST = "$(BUILT_PRODUCTS_DIR)/Flickr Gallery.app/Flickr Gallery";
			};
			name = Debug;
		};
		7181C16D1F3C7413002FA8F4 /* Release */ = {
			isa = XCBuildConfiguration;
			baseConfigurationReference = A18F170440418E09AE2B71AE /* Pods-Flickr GalleryTests.release.xcconfig */;
			buildSettings = {
				ALWAYS_EMBED_SWIFT_STANDARD_LIBRARIES = YES;
				BUNDLE_LOADER = "$(TEST_HOST)";
				DEVELOPMENT_TEAM = 2396N25GLF;
				INFOPLIST_FILE = "Flickr GalleryTests/Info.plist";
				LD_RUNPATH_SEARCH_PATHS = "$(inherited) @executable_path/Frameworks @loader_path/Frameworks";
				PRODUCT_BUNDLE_IDENTIFIER = "com.sebastianwaloszek.Flickr-GalleryTests";
				PRODUCT_NAME = "$(TARGET_NAME)";
				SWIFT_VERSION = 4.0;
				TARGETED_DEVICE_FAMILY = "1,2";
				TEST_HOST = "$(BUILT_PRODUCTS_DIR)/Flickr Gallery.app/Flickr Gallery";
			};
			name = Release;
		};
/* End XCBuildConfiguration section */

/* Begin XCConfigurationList section */
		7181C1461F3C7413002FA8F4 /* Build configuration list for PBXProject "Flickr Gallery" */ = {
			isa = XCConfigurationList;
			buildConfigurations = (
				7181C1661F3C7413002FA8F4 /* Debug */,
				7181C1671F3C7413002FA8F4 /* Release */,
			);
			defaultConfigurationIsVisible = 0;
			defaultConfigurationName = Release;
		};
		7181C1681F3C7413002FA8F4 /* Build configuration list for PBXNativeTarget "Flickr Gallery" */ = {
			isa = XCConfigurationList;
			buildConfigurations = (
				7181C1691F3C7413002FA8F4 /* Debug */,
				7181C16A1F3C7413002FA8F4 /* Release */,
			);
			defaultConfigurationIsVisible = 0;
			defaultConfigurationName = Release;
		};
		7181C16B1F3C7413002FA8F4 /* Build configuration list for PBXNativeTarget "Flickr GalleryTests" */ = {
			isa = XCConfigurationList;
			buildConfigurations = (
				7181C16C1F3C7413002FA8F4 /* Debug */,
				7181C16D1F3C7413002FA8F4 /* Release */,
			);
			defaultConfigurationIsVisible = 0;
			defaultConfigurationName = Release;
		};
/* End XCConfigurationList section */
	};
	rootObject = 7181C1431F3C7413002FA8F4 /* Project object */;
}
